
Microsoft Visual Studio Solution File, Format Version 12.00
Project("{FAE04EC0-301F-11D3-BF4B-00C04F79EFBC}") = "LinkBot.UI", "LinkBot.UI\LinkBot.UI.csproj", "{5D9E683A-F308-45FB-9938-B3D771487BA4}"
EndProject
Project("{FAE04EC0-301F-11D3-BF4B-00C04F79EFBC}") = "LinkBot", "LinkBot\LinkBot.csproj", "{24932ED4-90E3-4C0C-A3AC-799EC9941C41}"
EndProject
Project("{FAE04EC0-301F-11D3-BF4B-00C04F79EFBC}") = "LinkBot.Tests", "LinkBot.Tests\LinkBot.Tests.csproj", "{FA4ED856-AC19-4A24-8373-60BDE8D1CEE8}"
EndProject
Global
	GlobalSection(SolutionConfigurationPlatforms) = preSolution
		Debug|Any CPU = Debug|Any CPU
		Release|Any CPU = Release|Any CPU
	EndGlobalSection
	GlobalSection(ProjectConfigurationPlatforms) = postSolution
		{5D9E683A-F308-45FB-9938-B3D771487BA4}.Debug|Any CPU.ActiveCfg = Debug|Any CPU
		{5D9E683A-F308-45FB-9938-B3D771487BA4}.Debug|Any CPU.Build.0 = Debug|Any CPU
		{5D9E683A-F308-45FB-9938-B3D771487BA4}.Release|Any CPU.ActiveCfg = Release|Any CPU
		{5D9E683A-F308-45FB-9938-B3D771487BA4}.Release|Any CPU.Build.0 = Release|Any CPU
		{24932ED4-90E3-4C0C-A3AC-799EC9941C41}.Debug|Any CPU.ActiveCfg = Debug|Any CPU
		{24932ED4-90E3-4C0C-A3AC-799EC9941C41}.Debug|Any CPU.Build.0 = Debug|Any CPU
		{24932ED4-90E3-4C0C-A3AC-799EC9941C41}.Release|Any CPU.ActiveCfg = Release|Any CPU
		{24932ED4-90E3-4C0C-A3AC-799EC9941C41}.Release|Any CPU.Build.0 = Release|Any CPU
		{FA4ED856-AC19-4A24-8373-60BDE8D1CEE8}.Debug|Any CPU.ActiveCfg = Debug|Any CPU
		{FA4ED856-AC19-4A24-8373-60BDE8D1CEE8}.Debug|Any CPU.Build.0 = Debug|Any CPU
		{FA4ED856-AC19-4A24-8373-60BDE8D1CEE8}.Release|Any CPU.ActiveCfg = Release|Any CPU
		{FA4ED856-AC19-4A24-8373-60BDE8D1CEE8}.Release|Any CPU.Build.0 = Release|Any CPU
	EndGlobalSection
EndGlobal
